
Microsoft Visual Studio Solution File, Format Version 12.00
# Visual Studio Version 16
VisualStudioVersion = 16.0.31321.278
MinimumVisualStudioVersion = 10.0.40219.1
Project("{8BC9CEB8-8B4A-11D0-8D11-00A0C91BC942}") = "Paint", "Paint\Paint.vcxproj", "{43C12842-AEBE-4B47-8DB1-4E95A594944D}"
EndProject
Global
	GlobalSection(SolutionConfigurationPlatforms) = preSolution
		Debug|x64 = Debug|x64
		Debug|x86 = Debug|x86
		Release|x64 = Release|x64
		Release|x86 = Release|x86
	EndGlobalSection
	GlobalSection(ProjectConfigurationPlatforms) = postSolution
		{43C12842-AEBE-4B47-8DB1-4E95A594944D}.Debug|x64.ActiveCfg = Debug|x64
		{43C12842-AEBE-4B47-8DB1-4E95A594944D}.Debug|x64.Build.0 = Debug|x64
		{43C12842-AEBE-4B47-8DB1-4E95A594944D}.Debug|x86.ActiveCfg = Debug|Win32
		{43C12842-AEBE-4B47-8DB1-4E95A594944D}.Debug|x86.Build.0 = Debug|Win32
		{43C12842-AEBE-4B47-8DB1-4E95A594944D}.Release|x64.ActiveCfg = Release|x64
		{43C12842-AEBE-4B47-8DB1-4E95A594944D}.Release|x64.Build.0 = Release|x64
		{43C12842-AEBE-4B47-8DB1-4E95A594944D}.Release|x86.ActiveCfg = Release|Win32
		{43C12842-AEBE-4B47-8DB1-4E95A594944D}.Release|x86.Build.0 = Release|Win32
	EndGlobalSection
	GlobalSection(SolutionProperties) = preSolution
		HideSolutionNode = FALSE
	EndGlobalSection
	GlobalSection(ExtensibilityGlobals) = postSolution
		SolutionGuid = {8BF699D2-75F6-44D0-8A58-822AF9C1087F}
	EndGlobalSection
EndGlobal
